
Microsoft Visual Studio Solution File, Format Version 12.00
# Visual Studio 15
VisualStudioVersion = 15.0.27428.2005
MinimumVisualStudioVersion = 10.0.40219.1
Project("{FAE04EC0-301F-11D3-BF4B-00C04F79EFBC}") = "Example.Crawler.Domain", "Example.Crawler.Domain\Example.Crawler.Domain.csproj", "{8A189DC1-EC3D-4F7B-AA11-34167D0E9D13}"
EndProject
Project("{FAE04EC0-301F-11D3-BF4B-00C04F79EFBC}") = "Example.Crawler.Infrastructure", "..\src\Example.Crawler.Infrastructure\Example.Crawler.Infrastructure.csproj", "{F0910BF1-88EF-4A88-8DD2-6ABD112172A3}"
EndProject
Project("{2150E333-8FDC-42A3-9474-1A3956D46DE8}") = "src", "src", "{536F7AF5-2C25-4544-B2FB-E86068C4369F}"
EndProject
Global
	GlobalSection(SolutionConfigurationPlatforms) = preSolution
		Debug|Any CPU = Debug|Any CPU
		Release|Any CPU = Release|Any CPU
	EndGlobalSection
	GlobalSection(ProjectConfigurationPlatforms) = postSolution
		{8A189DC1-EC3D-4F7B-AA11-34167D0E9D13}.Debug|Any CPU.ActiveCfg = Debug|Any CPU
		{8A189DC1-EC3D-4F7B-AA11-34167D0E9D13}.Debug|Any CPU.Build.0 = Debug|Any CPU
		{8A189DC1-EC3D-4F7B-AA11-34167D0E9D13}.Release|Any CPU.ActiveCfg = Release|Any CPU
		{8A189DC1-EC3D-4F7B-AA11-34167D0E9D13}.Release|Any CPU.Build.0 = Release|Any CPU
		{F0910BF1-88EF-4A88-8DD2-6ABD112172A3}.Debug|Any CPU.ActiveCfg = Debug|Any CPU
		{F0910BF1-88EF-4A88-8DD2-6ABD112172A3}.Debug|Any CPU.Build.0 = Debug|Any CPU
		{F0910BF1-88EF-4A88-8DD2-6ABD112172A3}.Release|Any CPU.ActiveCfg = Release|Any CPU
		{F0910BF1-88EF-4A88-8DD2-6ABD112172A3}.Release|Any CPU.Build.0 = Release|Any CPU
	EndGlobalSection
	GlobalSection(SolutionProperties) = preSolution
		HideSolutionNode = FALSE
	EndGlobalSection
	GlobalSection(NestedProjects) = preSolution
		{8A189DC1-EC3D-4F7B-AA11-34167D0E9D13} = {536F7AF5-2C25-4544-B2FB-E86068C4369F}
		{F0910BF1-88EF-4A88-8DD2-6ABD112172A3} = {536F7AF5-2C25-4544-B2FB-E86068C4369F}
	EndGlobalSection
	GlobalSection(ExtensibilityGlobals) = postSolution
		SolutionGuid = {26013F9B-493F-4F16-9941-CA15EFEFB17E}
	EndGlobalSection
EndGlobal
